// !$*UTF8*$!
{
	archiveVersion = 1;
	classes = {
	};
	objectVersion = 55;
	objects = {

/* Begin PBXBuildFile section */
		9874404928B4D517000B6C83 /* AppDelegate.swift in Sources */ = {isa = PBXBuildFile; fileRef = 9874404828B4D517000B6C83 /* AppDelegate.swift */; };
		9874404B28B4D517000B6C83 /* SceneDelegate.swift in Sources */ = {isa = PBXBuildFile; fileRef = 9874404A28B4D517000B6C83 /* SceneDelegate.swift */; };
		9874404D28B4D517000B6C83 /* ViewController.swift in Sources */ = {isa = PBXBuildFile; fileRef = 9874404C28B4D517000B6C83 /* ViewController.swift */; };
		9874405028B4D517000B6C83 /* Main.storyboard in Resources */ = {isa = PBXBuildFile; fileRef = 9874404E28B4D517000B6C83 /* Main.storyboard */; };
		9874405228B4D51A000B6C83 /* Assets.xcassets in Resources */ = {isa = PBXBuildFile; fileRef = 9874405128B4D51A000B6C83 /* Assets.xcassets */; };
		9874405528B4D51A000B6C83 /* LaunchScreen.storyboard in Resources */ = {isa = PBXBuildFile; fileRef = 9874405328B4D51A000B6C83 /* LaunchScreen.storyboard */; };
		9874406028B4D51A000B6C83 /* MovieSearchAppTests.swift in Sources */ = {isa = PBXBuildFile; fileRef = 9874405F28B4D51A000B6C83 /* MovieSearchAppTests.swift */; };
		9874406A28B4D51A000B6C83 /* MovieSearchAppUITests.swift in Sources */ = {isa = PBXBuildFile; fileRef = 9874406928B4D51A000B6C83 /* MovieSearchAppUITests.swift */; };
		9874406C28B4D51A000B6C83 /* MovieSearchAppUITestsLaunchTests.swift in Sources */ = {isa = PBXBuildFile; fileRef = 9874406B28B4D51A000B6C83 /* MovieSearchAppUITestsLaunchTests.swift */; };
/* End PBXBuildFile section */

/* Begin PBXContainerItemProxy section */
		9874405C28B4D51A000B6C83 /* PBXContainerItemProxy */ = {
			isa = PBXContainerItemProxy;
			containerPortal = 9874403D28B4D517000B6C83 /* Project object */;
			proxyType = 1;
			remoteGlobalIDString = 9874404428B4D517000B6C83;
			remoteInfo = MovieSearchApp;
		};
		9874406628B4D51A000B6C83 /* PBXContainerItemProxy */ = {
			isa = PBXContainerItemProxy;
			containerPortal = 9874403D28B4D517000B6C83 /* Project object */;
			proxyType = 1;
			remoteGlobalIDString = 9874404428B4D517000B6C83;
			remoteInfo = MovieSearchApp;
		};
/* End PBXContainerItemProxy section */

/* Begin PBXFileReference section */
		9874404528B4D517000B6C83 /* MovieSearchApp.app */ = {isa = PBXFileReference; explicitFileType = wrapper.application; includeInIndex = 0; path = MovieSearchApp.app; sourceTree = BUILT_PRODUCTS_DIR; };
		9874404828B4D517000B6C83 /* AppDelegate.swift */ = {isa = PBXFileReference; lastKnownFileType = sourcecode.swift; path = AppDelegate.swift; sourceTree = "<group>"; };
		9874404A28B4D517000B6C83 /* SceneDelegate.swift */ = {isa = PBXFileReference; lastKnownFileType = sourcecode.swift; path = SceneDelegate.swift; sourceTree = "<group>"; };
		9874404C28B4D517000B6C83 /* ViewController.swift */ = {isa = PBXFileReference; lastKnownFileType = sourcecode.swift; path = ViewController.swift; sourceTree = "<group>"; };
		9874404F28B4D517000B6C83 /* Base */ = {isa = PBXFileReference; lastKnownFileType = file.storyboard; name = Base; path = Base.lproj/Main.storyboard; sourceTree = "<group>"; };
		9874405128B4D51A000B6C83 /* Assets.xcassets */ = {isa = PBXFileReference; lastKnownFileType = folder.assetcatalog; path = Assets.xcassets; sourceTree = "<group>"; };
		9874405428B4D51A000B6C83 /* Base */ = {isa = PBXFileReference; lastKnownFileType = file.storyboard; name = Base; path = Base.lproj/LaunchScreen.storyboard; sourceTree = "<group>"; };
		9874405628B4D51A000B6C83 /* Info.plist */ = {isa = PBXFileReference; lastKnownFileType = text.plist.xml; path = Info.plist; sourceTree = "<group>"; };
		9874405B28B4D51A000B6C83 /* MovieSearchAppTests.xctest */ = {isa = PBXFileReference; explicitFileType = wrapper.cfbundle; includeInIndex = 0; path = MovieSearchAppTests.xctest; sourceTree = BUILT_PRODUCTS_DIR; };
		9874405F28B4D51A000B6C83 /* MovieSearchAppTests.swift */ = {isa = PBXFileReference; lastKnownFileType = sourcecode.swift; path = MovieSearchAppTests.swift; sourceTree = "<group>"; };
		9874406528B4D51A000B6C83 /* MovieSearchAppUITests.xctest */ = {isa = PBXFileReference; explicitFileType = wrapper.cfbundle; includeInIndex = 0; path = MovieSearchAppUITests.xctest; sourceTree = BUILT_PRODUCTS_DIR; };
		9874406928B4D51A000B6C83 /* MovieSearchAppUITests.swift */ = {isa = PBXFileReference; lastKnownFileType = sourcecode.swift; path = MovieSearchAppUITests.swift; sourceTree = "<group>"; };
		9874406B28B4D51A000B6C83 /* MovieSearchAppUITestsLaunchTests.swift */ = {isa = PBXFileReference; lastKnownFileType = sourcecode.swift; path = MovieSearchAppUITestsLaunchTests.swift; sourceTree = "<group>"; };
/* End PBXFileReference section */

/* Begin PBXFrameworksBuildPhase section */
		9874404228B4D517000B6C83 /* Frameworks */ = {
			isa = PBXFrameworksBuildPhase;
			buildActionMask = 2147483647;
			files = (
			);
			runOnlyForDeploymentPostprocessing = 0;
		};
		9874405828B4D51A000B6C83 /* Frameworks */ = {
			isa = PBXFrameworksBuildPhase;
			buildActionMask = 2147483647;
			files = (
			);
			runOnlyForDeploymentPostprocessing = 0;
		};
		9874406228B4D51A000B6C83 /* Frameworks */ = {
			isa = PBXFrameworksBuildPhase;
			buildActionMask = 2147483647;
			files = (
			);
			runOnlyForDeploymentPostprocessing = 0;
		};
/* End PBXFrameworksBuildPhase section */

/* Begin PBXGroup section */
		9874403C28B4D517000B6C83 = {
			isa = PBXGroup;
			children = (
				9874404728B4D517000B6C83 /* MovieSearchApp */,
				9874405E28B4D51A000B6C83 /* MovieSearchAppTests */,
				9874406828B4D51A000B6C83 /* MovieSearchAppUITests */,
				9874404628B4D517000B6C83 /* Products */,
			);
			sourceTree = "<group>";
		};
		9874404628B4D517000B6C83 /* Products */ = {
			isa = PBXGroup;
			children = (
				9874404528B4D517000B6C83 /* MovieSearchApp.app */,
				9874405B28B4D51A000B6C83 /* MovieSearchAppTests.xctest */,
				9874406528B4D51A000B6C83 /* MovieSearchAppUITests.xctest */,
			);
			name = Products;
			sourceTree = "<group>";
		};
		9874404728B4D517000B6C83 /* MovieSearchApp */ = {
			isa = PBXGroup;
			children = (
				9874404828B4D517000B6C83 /* AppDelegate.swift */,
				9874404A28B4D517000B6C83 /* SceneDelegate.swift */,
				9874404C28B4D517000B6C83 /* ViewController.swift */,
				9874404E28B4D517000B6C83 /* Main.storyboard */,
				9874405128B4D51A000B6C83 /* Assets.xcassets */,
				9874405328B4D51A000B6C83 /* LaunchScreen.storyboard */,
				9874405628B4D51A000B6C83 /* Info.plist */,
			);
			path = MovieSearchApp;
			sourceTree = "<group>";
		};
		9874405E28B4D51A000B6C83 /* MovieSearchAppTests */ = {
			isa = PBXGroup;
			children = (
				9874405F28B4D51A000B6C83 /* MovieSearchAppTests.swift */,
			);
			path = MovieSearchAppTests;
			sourceTree = "<group>";
		};
		9874406828B4D51A000B6C83 /* MovieSearchAppUITests */ = {
			isa = PBXGroup;
			children = (
				9874406928B4D51A000B6C83 /* MovieSearchAppUITests.swift */,
				9874406B28B4D51A000B6C83 /* MovieSearchAppUITestsLaunchTests.swift */,
			);
			path = MovieSearchAppUITests;
			sourceTree = "<group>";
		};
/* End PBXGroup section */

/* Begin PBXNativeTarget section */
		9874404428B4D517000B6C83 /* MovieSearchApp */ = {
			isa = PBXNativeTarget;
			buildConfigurationList = 9874406F28B4D51A000B6C83 /* Build configuration list for PBXNativeTarget "MovieSearchApp" */;
			buildPhases = (
				9874404128B4D517000B6C83 /* Sources */,
				9874404228B4D517000B6C83 /* Frameworks */,
				9874404328B4D517000B6C83 /* Resources */,
			);
			buildRules = (
			);
			dependencies = (
			);
			name = MovieSearchApp;
			productName = MovieSearchApp;
			productReference = 9874404528B4D517000B6C83 /* MovieSearchApp.app */;
			productType = "com.apple.product-type.application";
		};
		9874405A28B4D51A000B6C83 /* MovieSearchAppTests */ = {
			isa = PBXNativeTarget;
			buildConfigurationList = 9874407228B4D51A000B6C83 /* Build configuration list for PBXNativeTarget "MovieSearchAppTests" */;
			buildPhases = (
				9874405728B4D51A000B6C83 /* Sources */,
				9874405828B4D51A000B6C83 /* Frameworks */,
				9874405928B4D51A000B6C83 /* Resources */,
			);
			buildRules = (
			);
			dependencies = (
				9874405D28B4D51A000B6C83 /* PBXTargetDependency */,
			);
			name = MovieSearchAppTests;
			productName = MovieSearchAppTests;
			productReference = 9874405B28B4D51A000B6C83 /* MovieSearchAppTests.xctest */;
			productType = "com.apple.product-type.bundle.unit-test";
		};
		9874406428B4D51A000B6C83 /* MovieSearchAppUITests */ = {
			isa = PBXNativeTarget;
			buildConfigurationList = 9874407528B4D51A000B6C83 /* Build configuration list for PBXNativeTarget "MovieSearchAppUITests" */;
			buildPhases = (
				9874406128B4D51A000B6C83 /* Sources */,
				9874406228B4D51A000B6C83 /* Frameworks */,
				9874406328B4D51A000B6C83 /* Resources */,
			);
			buildRules = (
			);
			dependencies = (
				9874406728B4D51A000B6C83 /* PBXTargetDependency */,
			);
			name = MovieSearchAppUITests;
			productName = MovieSearchAppUITests;
			productReference = 9874406528B4D51A000B6C83 /* MovieSearchAppUITests.xctest */;
			productType = "com.apple.product-type.bundle.ui-testing";
		};
/* End PBXNativeTarget section */

/* Begin PBXProject section */
		9874403D28B4D517000B6C83 /* Project object */ = {
			isa = PBXProject;
			attributes = {
				BuildIndependentTargetsInParallel = 1;
				LastSwiftUpdateCheck = 1340;
				LastUpgradeCheck = 1340;
				TargetAttributes = {
					9874404428B4D517000B6C83 = {
						CreatedOnToolsVersion = 13.4.1;
					};
					9874405A28B4D51A000B6C83 = {
						CreatedOnToolsVersion = 13.4.1;
						TestTargetID = 9874404428B4D517000B6C83;
					};
					9874406428B4D51A000B6C83 = {
						CreatedOnToolsVersion = 13.4.1;
						TestTargetID = 9874404428B4D517000B6C83;
					};
				};
			};
			buildConfigurationList = 9874404028B4D517000B6C83 /* Build configuration list for PBXProject "MovieSearchApp" */;
			compatibilityVersion = "Xcode 13.0";
			developmentRegion = en;
			hasScannedForEncodings = 0;
			knownRegions = (
				en,
				Base,
			);
			mainGroup = 9874403C28B4D517000B6C83;
			productRefGroup = 9874404628B4D517000B6C83 /* Products */;
			projectDirPath = "";
			projectRoot = "";
			targets = (
				9874404428B4D517000B6C83 /* MovieSearchApp */,
				9874405A28B4D51A000B6C83 /* MovieSearchAppTests */,
				9874406428B4D51A000B6C83 /* MovieSearchAppUITests */,
			);
		};
/* End PBXProject section */

/* Begin PBXResourcesBuildPhase section */
		9874404328B4D517000B6C83 /* Resources */ = {
			isa = PBXResourcesBuildPhase;
			buildActionMask = 2147483647;
			files = (
				9874405528B4D51A000B6C83 /* LaunchScreen.storyboard in Resources */,
				9874405228B4D51A000B6C83 /* Assets.xcassets in Resources */,
				9874405028B4D517000B6C83 /* Main.storyboard in Resources */,
			);
			runOnlyForDeploymentPostprocessing = 0;
		};
		9874405928B4D51A000B6C83 /* Resources */ = {
			isa = PBXResourcesBuildPhase;
			buildActionMask = 2147483647;
			files = (
			);
			runOnlyForDeploymentPostprocessing = 0;
		};
		9874406328B4D51A000B6C83 /* Resources */ = {
			isa = PBXResourcesBuildPhase;
			buildActionMask = 2147483647;
			files = (
			);
			runOnlyForDeploymentPostprocessing = 0;
		};
/* End PBXResourcesBuildPhase section */

/* Begin PBXSourcesBuildPhase section */
		9874404128B4D517000B6C83 /* Sources */ = {
			isa = PBXSourcesBuildPhase;
			buildActionMask = 2147483647;
			files = (
				9874404D28B4D517000B6C83 /* ViewController.swift in Sources */,
				9874404928B4D517000B6C83 /* AppDelegate.swift in Sources */,
				9874404B28B4D517000B6C83 /* SceneDelegate.swift in Sources */,
			);
			runOnlyForDeploymentPostprocessing = 0;
		};
		9874405728B4D51A000B6C83 /* Sources */ = {
			isa = PBXSourcesBuildPhase;
			buildActionMask = 2147483647;
			files = (
				9874406028B4D51A000B6C83 /* MovieSearchAppTests.swift in Sources */,
			);
			runOnlyForDeploymentPostprocessing = 0;
		};
		9874406128B4D51A000B6C83 /* Sources */ = {
			isa = PBXSourcesBuildPhase;
			buildActionMask = 2147483647;
			files = (
				9874406A28B4D51A000B6C83 /* MovieSearchAppUITests.swift in Sources */,
				9874406C28B4D51A000B6C83 /* MovieSearchAppUITestsLaunchTests.swift in Sources */,
			);
			runOnlyForDeploymentPostprocessing = 0;
		};
/* End PBXSourcesBuildPhase section */

/* Begin PBXTargetDependency section */
		9874405D28B4D51A000B6C83 /* PBXTargetDependency */ = {
			isa = PBXTargetDependency;
			target = 9874404428B4D517000B6C83 /* MovieSearchApp */;
			targetProxy = 9874405C28B4D51A000B6C83 /* PBXContainerItemProxy */;
		};
		9874406728B4D51A000B6C83 /* PBXTargetDependency */ = {
			isa = PBXTargetDependency;
			target = 9874404428B4D517000B6C83 /* MovieSearchApp */;
			targetProxy = 9874406628B4D51A000B6C83 /* PBXContainerItemProxy */;
		};
/* End PBXTargetDependency section */

/* Begin PBXVariantGroup section */
		9874404E28B4D517000B6C83 /* Main.storyboard */ = {
			isa = PBXVariantGroup;
			children = (
				9874404F28B4D517000B6C83 /* Base */,
			);
			name = Main.storyboard;
			sourceTree = "<group>";
		};
		9874405328B4D51A000B6C83 /* LaunchScreen.storyboard */ = {
			isa = PBXVariantGroup;
			children = (
				9874405428B4D51A000B6C83 /* Base */,
			);
			name = LaunchScreen.storyboard;
			sourceTree = "<group>";
		};
/* End PBXVariantGroup section */

/* Begin XCBuildConfiguration section */
		9874406D28B4D51A000B6C83 /* Debug */ = {
			isa = XCBuildConfiguration;
			buildSettings = {
				ALWAYS_SEARCH_USER_PATHS = NO;
				CLANG_ANALYZER_NONNULL = YES;
				CLANG_ANALYZER_NUMBER_OBJECT_CONVERSION = YES_AGGRESSIVE;
				CLANG_CXX_LANGUAGE_STANDARD = "gnu++17";
				CLANG_ENABLE_MODULES = YES;
				CLANG_ENABLE_OBJC_ARC = YES;
				CLANG_ENABLE_OBJC_WEAK = YES;
				CLANG_WARN_BLOCK_CAPTURE_AUTORELEASING = YES;
				CLANG_WARN_BOOL_CONVERSION = YES;
				CLANG_WARN_COMMA = YES;
				CLANG_WARN_CONSTANT_CONVERSION = YES;
				CLANG_WARN_DEPRECATED_OBJC_IMPLEMENTATIONS = YES;
				CLANG_WARN_DIRECT_OBJC_ISA_USAGE = YES_ERROR;
				CLANG_WARN_DOCUMENTATION_COMMENTS = YES;
				CLANG_WARN_EMPTY_BODY = YES;
				CLANG_WARN_ENUM_CONVERSION = YES;
				CLANG_WARN_INFINITE_RECURSION = YES;
				CLANG_WARN_INT_CONVERSION = YES;
				CLANG_WARN_NON_LITERAL_NULL_CONVERSION = YES;
				CLANG_WARN_OBJC_IMPLICIT_RETAIN_SELF = YES;
				CLANG_WARN_OBJC_LITERAL_CONVERSION = YES;
				CLANG_WARN_OBJC_ROOT_CLASS = YES_ERROR;
				CLANG_WARN_QUOTED_INCLUDE_IN_FRAMEWORK_HEADER = YES;
				CLANG_WARN_RANGE_LOOP_ANALYSIS = YES;
				CLANG_WARN_STRICT_PROTOTYPES = YES;
				CLANG_WARN_SUSPICIOUS_MOVE = YES;
				CLANG_WARN_UNGUARDED_AVAILABILITY = YES_AGGRESSIVE;
				CLANG_WARN_UNREACHABLE_CODE = YES;
				CLANG_WARN__DUPLICATE_METHOD_MATCH = YES;
				COPY_PHASE_STRIP = NO;
				DEBUG_INFORMATION_FORMAT = dwarf;
				ENABLE_STRICT_OBJC_MSGSEND = YES;
				ENABLE_TESTABILITY = YES;
				GCC_C_LANGUAGE_STANDARD = gnu11;
				GCC_DYNAMIC_NO_PIC = NO;
				GCC_NO_COMMON_BLOCKS = YES;
				GCC_OPTIMIZATION_LEVEL = 0;
				GCC_PREPROCESSOR_DEFINITIONS = (
					"DEBUG=1",
					"$(inherited)",
				);
				GCC_WARN_64_TO_32_BIT_CONVERSION = YES;
				GCC_WARN_ABOUT_RETURN_TYPE = YES_ERROR;
				GCC_WARN_UNDECLARED_SELECTOR = YES;
				GCC_WARN_UNINITIALIZED_AUTOS = YES_AGGRESSIVE;
				GCC_WARN_UNUSED_FUNCTION = YES;
				GCC_WARN_UNUSED_VARIABLE = YES;
				IPHONEOS_DEPLOYMENT_TARGET = 15.5;
				MTL_ENABLE_DEBUG_INFO = INCLUDE_SOURCE;
				MTL_FAST_MATH = YES;
				ONLY_ACTIVE_ARCH = YES;
				SDKROOT = iphoneos;
				SWIFT_ACTIVE_COMPILATION_CONDITIONS = DEBUG;
				SWIFT_OPTIMIZATION_LEVEL = "-Onone";
			};
			name = Debug;
		};
		9874406E28B4D51A000B6C83 /* Release */ = {
			isa = XCBuildConfiguration;
			buildSettings = {
				ALWAYS_SEARCH_USER_PATHS = NO;
				CLANG_ANALYZER_NONNULL = YES;
				CLANG_ANALYZER_NUMBER_OBJECT_CONVERSION = YES_AGGRESSIVE;
				CLANG_CXX_LANGUAGE_STANDARD = "gnu++17";
				CLANG_ENABLE_MODULES = YES;
				CLANG_ENABLE_OBJC_ARC = YES;
				CLANG_ENABLE_OBJC_WEAK = YES;
				CLANG_WARN_BLOCK_CAPTURE_AUTORELEASING = YES;
				CLANG_WARN_BOOL_CONVERSION = YES;
				CLANG_WARN_COMMA = YES;
				CLANG_WARN_CONSTANT_CONVERSION = YES;
				CLANG_WARN_DEPRECATED_OBJC_IMPLEMENTATIONS = YES;
				CLANG_WARN_DIRECT_OBJC_ISA_USAGE = YES_ERROR;
				CLANG_WARN_DOCUMENTATION_COMMENTS = YES;
				CLANG_WARN_EMPTY_BODY = YES;
				CLANG_WARN_ENUM_CONVERSION = YES;
				CLANG_WARN_INFINITE_RECURSION = YES;
				CLANG_WARN_INT_CONVERSION = YES;
				CLANG_WARN_NON_LITERAL_NULL_CONVERSION = YES;
				CLANG_WARN_OBJC_IMPLICIT_RETAIN_SELF = YES;
				CLANG_WARN_OBJC_LITERAL_CONVERSION = YES;
				CLANG_WARN_OBJC_ROOT_CLASS = YES_ERROR;
				CLANG_WARN_QUOTED_INCLUDE_IN_FRAMEWORK_HEADER = YES;
				CLANG_WARN_RANGE_LOOP_ANALYSIS = YES;
				CLANG_WARN_STRICT_PROTOTYPES = YES;
				CLANG_WARN_SUSPICIOUS_MOVE = YES;
				CLANG_WARN_UNGUARDED_AVAILABILITY = YES_AGGRESSIVE;
				CLANG_WARN_UNREACHABLE_CODE = YES;
				CLANG_WARN__DUPLICATE_METHOD_MATCH = YES;
				COPY_PHASE_STRIP = NO;
				DEBUG_INFORMATION_FORMAT = "dwarf-with-dsym";
				ENABLE_NS_ASSERTIONS = NO;
				ENABLE_STRICT_OBJC_MSGSEND = YES;
				GCC_C_LANGUAGE_STANDARD = gnu11;
				GCC_NO_COMMON_BLOCKS = YES;
				GCC_WARN_64_TO_32_BIT_CONVERSION = YES;
				GCC_WARN_ABOUT_RETURN_TYPE = YES_ERROR;
				GCC_WARN_UNDECLARED_SELECTOR = YES;
				GCC_WARN_UNINITIALIZED_AUTOS = YES_AGGRESSIVE;
				GCC_WARN_UNUSED_FUNCTION = YES;
				GCC_WARN_UNUSED_VARIABLE = YES;
				IPHONEOS_DEPLOYMENT_TARGET = 15.5;
				MTL_ENABLE_DEBUG_INFO = NO;
				MTL_FAST_MATH = YES;
				SDKROOT = iphoneos;
				SWIFT_COMPILATION_MODE = wholemodule;
				SWIFT_OPTIMIZATION_LEVEL = "-O";
				VALIDATE_PRODUCT = YES;
			};
			name = Release;
		};
		9874407028B4D51A000B6C83 /* Debug */ = {
			isa = XCBuildConfiguration;
			buildSettings = {
				ASSETCATALOG_COMPILER_APPICON_NAME = AppIcon;
				ASSETCATALOG_COMPILER_GLOBAL_ACCENT_COLOR_NAME = AccentColor;
				CODE_SIGN_STYLE = Automatic;
				CURRENT_PROJECT_VERSION = 1;
				DEVELOPMENT_TEAM = 47G3V9J7VS;
				GENERATE_INFOPLIST_FILE = YES;
				INFOPLIST_FILE = MovieSearchApp/Info.plist;
				INFOPLIST_KEY_UIApplicationSupportsIndirectInputEvents = YES;
				INFOPLIST_KEY_UILaunchStoryboardName = LaunchScreen;
				INFOPLIST_KEY_UIMainStoryboardFile = Main;
				INFOPLIST_KEY_UISupportedInterfaceOrientations_iPad = "UIInterfaceOrientationPortrait UIInterfaceOrientationPortraitUpsideDown UIInterfaceOrientationLandscapeLeft UIInterfaceOrientationLandscapeRight";
				INFOPLIST_KEY_UISupportedInterfaceOrientations_iPhone = "UIInterfaceOrientationPortrait UIInterfaceOrientationLandscapeLeft UIInterfaceOrientationLandscapeRight";
				LD_RUNPATH_SEARCH_PATHS = (
					"$(inherited)",
					"@executable_path/Frameworks",
				);
				MARKETING_VERSION = 1.0;
				PRODUCT_BUNDLE_IDENTIFIER = onursapan.MovieSearchApp;
				PRODUCT_NAME = "$(TARGET_NAME)";
				SWIFT_EMIT_LOC_STRINGS = YES;
				SWIFT_VERSION = 5.0;
				TARGETED_DEVICE_FAMILY = "1,2";
			};
			name = Debug;
		};
		9874407128B4D51A000B6C83 /* Release */ = {
			isa = XCBuildConfiguration;
			buildSettings = {
				ASSETCATALOG_COMPILER_APPICON_NAME = AppIcon;
				ASSETCATALOG_COMPILER_GLOBAL_ACCENT_COLOR_NAME = AccentColor;
				CODE_SIGN_STYLE = Automatic;
				CURRENT_PROJECT_VERSION = 1;
				DEVELOPMENT_TEAM = 47G3V9J7VS;
				GENERATE_INFOPLIST_FILE = YES;
				INFOPLIST_FILE = MovieSearchApp/Info.plist;
				INFOPLIST_KEY_UIApplicationSupportsIndirectInputEvents = YES;
				INFOPLIST_KEY_UILaunchStoryboardName = LaunchScreen;
				INFOPLIST_KEY_UIMainStoryboardFile = Main;
				INFOPLIST_KEY_UISupportedInterfaceOrientations_iPad = "UIInterfaceOrientationPortrait UIInterfaceOrientationPortraitUpsideDown UIInterfaceOrientationLandscapeLeft UIInterfaceOrientationLandscapeRight";
				INFOPLIST_KEY_UISupportedInterfaceOrientations_iPhone = "UIInterfaceOrientationPortrait UIInterfaceOrientationLandscapeLeft UIInterfaceOrientationLandscapeRight";
				LD_RUNPATH_SEARCH_PATHS = (
					"$(inherited)",
					"@executable_path/Frameworks",
				);
				MARKETING_VERSION = 1.0;
				PRODUCT_BUNDLE_IDENTIFIER = onursapan.MovieSearchApp;
				PRODUCT_NAME = "$(TARGET_NAME)";
				SWIFT_EMIT_LOC_STRINGS = YES;
				SWIFT_VERSION = 5.0;
				TARGETED_DEVICE_FAMILY = "1,2";
			};
			name = Release;
		};
		9874407328B4D51A000B6C83 /* Debug */ = {
			isa = XCBuildConfiguration;
			buildSettings = {
				ALWAYS_EMBED_SWIFT_STANDARD_LIBRARIES = YES;
				BUNDLE_LOADER = "$(TEST_HOST)";
				CODE_SIGN_STYLE = Automatic;
				CURRENT_PROJECT_VERSION = 1;
				DEVELOPMENT_TEAM = 47G3V9J7VS;
				GENERATE_INFOPLIST_FILE = YES;
				IPHONEOS_DEPLOYMENT_TARGET = 15.5;
				MARKETING_VERSION = 1.0;
				PRODUCT_BUNDLE_IDENTIFIER = onursapan.MovieSearchAppTests;
				PRODUCT_NAME = "$(TARGET_NAME)";
				SWIFT_EMIT_LOC_STRINGS = NO;
				SWIFT_VERSION = 5.0;
				TARGETED_DEVICE_FAMILY = "1,2";
				TEST_HOST = "$(BUILT_PRODUCTS_DIR)/MovieSearchApp.app/MovieSearchApp";
			};
			name = Debug;
		};
		9874407428B4D51A000B6C83 /* Release */ = {
			isa = XCBuildConfiguration;
			buildSettings = {
				ALWAYS_EMBED_SWIFT_STANDARD_LIBRARIES = YES;
				BUNDLE_LOADER = "$(TEST_HOST)";
				CODE_SIGN_STYLE = Automatic;
				CURRENT_PROJECT_VERSION = 1;
				DEVELOPMENT_TEAM = 47G3V9J7VS;
				GENERATE_INFOPLIST_FILE = YES;
				IPHONEOS_DEPLOYMENT_TARGET = 15.5;
				MARKETING_VERSION = 1.0;
				PRODUCT_BUNDLE_IDENTIFIER = onursapan.MovieSearchAppTests;
				PRODUCT_NAME = "$(TARGET_NAME)";
				SWIFT_EMIT_LOC_STRINGS = NO;
				SWIFT_VERSION = 5.0;
				TARGETED_DEVICE_FAMILY = "1,2";
				TEST_HOST = "$(BUILT_PRODUCTS_DIR)/MovieSearchApp.app/MovieSearchApp";
			};
			name = Release;
		};
		9874407628B4D51A000B6C83 /* Debug */ = {
			isa = XCBuildConfiguration;
			buildSettings = {
				ALWAYS_EMBED_SWIFT_STANDARD_LIBRARIES = YES;
				CODE_SIGN_STYLE = Automatic;
				CURRENT_PROJECT_VERSION = 1;
				DEVELOPMENT_TEAM = 47G3V9J7VS;
				GENERATE_INFOPLIST_FILE = YES;
				MARKETING_VERSION = 1.0;
				PRODUCT_BUNDLE_IDENTIFIER = onursapan.MovieSearchAppUITests;
				PRODUCT_NAME = "$(TARGET_NAME)";
				SWIFT_EMIT_LOC_STRINGS = NO;
				SWIFT_VERSION = 5.0;
				TARGETED_DEVICE_FAMILY = "1,2";
				TEST_TARGET_NAME = MovieSearchApp;
			};
			name = Debug;
		};
		9874407728B4D51A000B6C83 /* Release */ = {
			isa = XCBuildConfiguration;
			buildSettings = {
				ALWAYS_EMBED_SWIFT_STANDARD_LIBRARIES = YES;
				CODE_SIGN_STYLE = Automatic;
				CURRENT_PROJECT_VERSION = 1;
				DEVELOPMENT_TEAM = 47G3V9J7VS;
				GENERATE_INFOPLIST_FILE = YES;
				MARKETING_VERSION = 1.0;
				PRODUCT_BUNDLE_IDENTIFIER = onursapan.MovieSearchAppUITests;
				PRODUCT_NAME = "$(TARGET_NAME)";
				SWIFT_EMIT_LOC_STRINGS = NO;
				SWIFT_VERSION = 5.0;
				TARGETED_DEVICE_FAMILY = "1,2";
				TEST_TARGET_NAME = MovieSearchApp;
			};
			name = Release;
		};
/* End XCBuildConfiguration section */

/* Begin XCConfigurationList section */
		9874404028B4D517000B6C83 /* Build configuration list for PBXProject "MovieSearchApp" */ = {
			isa = XCConfigurationList;
			buildConfigurations = (
				9874406D28B4D51A000B6C83 /* Debug */,
				9874406E28B4D51A000B6C83 /* Release */,
			);
			defaultConfigurationIsVisible = 0;
			defaultConfigurationName = Release;
		};
		9874406F28B4D51A000B6C83 /* Build configuration list for PBXNativeTarget "MovieSearchApp" */ = {
			isa = XCConfigurationList;
			buildConfigurations = (
				9874407028B4D51A000B6C83 /* Debug */,
				9874407128B4D51A000B6C83 /* Release */,
			);
			defaultConfigurationIsVisible = 0;
			defaultConfigurationName = Release;
		};
		9874407228B4D51A000B6C83 /* Build configuration list for PBXNativeTarget "MovieSearchAppTests" */ = {
			isa = XCConfigurationList;
			buildConfigurations = (
				9874407328B4D51A000B6C83 /* Debug */,
				9874407428B4D51A000B6C83 /* Release */,
			);
			defaultConfigurationIsVisible = 0;
			defaultConfigurationName = Release;
		};
		9874407528B4D51A000B6C83 /* Build configuration list for PBXNativeTarget "MovieSearchAppUITests" */ = {
			isa = XCConfigurationList;
			buildConfigurations = (
				9874407628B4D51A000B6C83 /* Debug */,
				9874407728B4D51A000B6C83 /* Release */,
			);
			defaultConfigurationIsVisible = 0;
			defaultConfigurationName = Release;
		};
/* End XCConfigurationList section */
	};
	rootObject = 9874403D28B4D517000B6C83 /* Project object */;
}
